
Microsoft Visual Studio Solution File, Format Version 12.00
# Visual Studio 15
VisualStudioVersion = 15.0.28307.705
MinimumVisualStudioVersion = 10.0.40219.1
Project("{FAE04EC0-301F-11D3-BF4B-00C04F79EFBC}") = "HwBuilder", "HwBuilder\HwBuilder.csproj", "{A1ABE680-CB60-45D4-8BA2-84728521CE18}"
EndProject
Global
	GlobalSection(SolutionConfigurationPlatforms) = preSolution
		Debug|Any CPU = Debug|Any CPU
		Release|Any CPU = Release|Any CPU
	EndGlobalSection
	GlobalSection(ProjectConfigurationPlatforms) = postSolution
		{A1ABE680-CB60-45D4-8BA2-84728521CE18}.Debug|Any CPU.ActiveCfg = Debug|Any CPU
		{A1ABE680-CB60-45D4-8BA2-84728521CE18}.Debug|Any CPU.Build.0 = Debug|Any CPU
		{A1ABE680-CB60-45D4-8BA2-84728521CE18}.Release|Any CPU.ActiveCfg = Release|Any CPU
		{A1ABE680-CB60-45D4-8BA2-84728521CE18}.Release|Any CPU.Build.0 = Release|Any CPU
	EndGlobalSection
	GlobalSection(SolutionProperties) = preSolution
		HideSolutionNode = FALSE
	EndGlobalSection
	GlobalSection(ExtensibilityGlobals) = postSolution
		SolutionGuid = {56238831-2D00-4D04-83B0-4C68524D16C2}
	EndGlobalSection
EndGlobal
